
Microsoft Visual Studio Solution File, Format Version 12.00
# Visual Studio 15
VisualStudioVersion = 15.0.28307.329
MinimumVisualStudioVersion = 10.0.40219.1
Project("{FAE04EC0-301F-11D3-BF4B-00C04F79EFBC}") = "Tarea6_html_helpers", "html_helper\Tarea6_html_helpers.csproj", "{FF945392-4B77-48DC-911E-448B310F915B}"
EndProject
Global
	GlobalSection(SolutionConfigurationPlatforms) = preSolution
		Debug|Any CPU = Debug|Any CPU
		Release|Any CPU = Release|Any CPU
	EndGlobalSection
	GlobalSection(ProjectConfigurationPlatforms) = postSolution
		{FF945392-4B77-48DC-911E-448B310F915B}.Debug|Any CPU.ActiveCfg = Debug|Any CPU
		{FF945392-4B77-48DC-911E-448B310F915B}.Debug|Any CPU.Build.0 = Debug|Any CPU
		{FF945392-4B77-48DC-911E-448B310F915B}.Release|Any CPU.ActiveCfg = Release|Any CPU
		{FF945392-4B77-48DC-911E-448B310F915B}.Release|Any CPU.Build.0 = Release|Any CPU
	EndGlobalSection
	GlobalSection(SolutionProperties) = preSolution
		HideSolutionNode = FALSE
	EndGlobalSection
	GlobalSection(ExtensibilityGlobals) = postSolution
		SolutionGuid = {16F7B072-AE40-4E68-8CF1-0696E77B0B61}
	EndGlobalSection
EndGlobal
